
Microsoft Visual Studio Solution File, Format Version 12.00
# Visual Studio 15
Project("{FAE04EC0-301F-11D3-BF4B-00C04F79EFBC}") = "SemesterTest-101533222", "TestProject\SemesterTest-101533222.csproj", "{F35C0F97-BC19-4B7F-BFA2-2FF37F59FA53}"
EndProject
Global
	GlobalSection(SolutionConfigurationPlatforms) = preSolution
		Debug|x86 = Debug|x86
		Release|x86 = Release|x86
	EndGlobalSection
	GlobalSection(ProjectConfigurationPlatforms) = postSolution
		{F35C0F97-BC19-4B7F-BFA2-2FF37F59FA53}.Debug|x86.ActiveCfg = Debug|x86
		{F35C0F97-BC19-4B7F-BFA2-2FF37F59FA53}.Debug|x86.Build.0 = Debug|x86
		{F35C0F97-BC19-4B7F-BFA2-2FF37F59FA53}.Release|x86.ActiveCfg = Release|x86
		{F35C0F97-BC19-4B7F-BFA2-2FF37F59FA53}.Release|x86.Build.0 = Release|x86
	EndGlobalSection
EndGlobal
